
Microsoft Visual Studio Solution File, Format Version 12.00
# Visual Studio Version 16
VisualStudioVersion = 16.0.30011.22
MinimumVisualStudioVersion = 10.0.40219.1
Project("{FAE04EC0-301F-11D3-BF4B-00C04F79EFBC}") = "AMSproject", "AMSproject\AMSproject.csproj", "{8B197AE8-04B9-437C-B7CA-9FEF0C81E2C4}"
EndProject
Global
	GlobalSection(SolutionConfigurationPlatforms) = preSolution
		Debug|Any CPU = Debug|Any CPU
		Release|Any CPU = Release|Any CPU
	EndGlobalSection
	GlobalSection(ProjectConfigurationPlatforms) = postSolution
		{8B197AE8-04B9-437C-B7CA-9FEF0C81E2C4}.Debug|Any CPU.ActiveCfg = Debug|Any CPU
		{8B197AE8-04B9-437C-B7CA-9FEF0C81E2C4}.Debug|Any CPU.Build.0 = Debug|Any CPU
		{8B197AE8-04B9-437C-B7CA-9FEF0C81E2C4}.Release|Any CPU.ActiveCfg = Release|Any CPU
		{8B197AE8-04B9-437C-B7CA-9FEF0C81E2C4}.Release|Any CPU.Build.0 = Release|Any CPU
	EndGlobalSection
	GlobalSection(SolutionProperties) = preSolution
		HideSolutionNode = FALSE
	EndGlobalSection
	GlobalSection(ExtensibilityGlobals) = postSolution
		SolutionGuid = {5F8B40AF-25FA-4AD2-BFD6-8CCF92B8CF24}
	EndGlobalSection
EndGlobal
